
Microsoft Visual Studio Solution File, Format Version 12.00
# Visual Studio Version 16
VisualStudioVersion = 16.0.29215.179
MinimumVisualStudioVersion = 10.0.40219.1
Project("{FAE04EC0-301F-11D3-BF4B-00C04F79EFBC}") = "Homework4", "Homework4\Homework4.csproj", "{987DD8AD-E78D-469D-95D9-5909965B0141}"
EndProject
Global
	GlobalSection(SolutionConfigurationPlatforms) = preSolution
		Debug|Any CPU = Debug|Any CPU
		Release|Any CPU = Release|Any CPU
	EndGlobalSection
	GlobalSection(ProjectConfigurationPlatforms) = postSolution
		{987DD8AD-E78D-469D-95D9-5909965B0141}.Debug|Any CPU.ActiveCfg = Debug|Any CPU
		{987DD8AD-E78D-469D-95D9-5909965B0141}.Debug|Any CPU.Build.0 = Debug|Any CPU
		{987DD8AD-E78D-469D-95D9-5909965B0141}.Release|Any CPU.ActiveCfg = Release|Any CPU
		{987DD8AD-E78D-469D-95D9-5909965B0141}.Release|Any CPU.Build.0 = Release|Any CPU
	EndGlobalSection
	GlobalSection(SolutionProperties) = preSolution
		HideSolutionNode = FALSE
	EndGlobalSection
	GlobalSection(ExtensibilityGlobals) = postSolution
		SolutionGuid = {061CC4CC-EEE5-4CFE-846D-8CF181EE00F1}
	EndGlobalSection
EndGlobal
